
Microsoft Visual Studio Solution File, Format Version 12.00
# Visual Studio Version 16
VisualStudioVersion = 16.0.30523.141
MinimumVisualStudioVersion = 10.0.40219.1
Project("{FAE04EC0-301F-11D3-BF4B-00C04F79EFBC}") = "GuessTheNumber", "GuessTheNumber.csproj", "{642B1454-483B-4FD5-8113-B36549B204B9}"
EndProject
Global
	GlobalSection(SolutionConfigurationPlatforms) = preSolution
		Debug|Any CPU = Debug|Any CPU
		Release|Any CPU = Release|Any CPU
	EndGlobalSection
	GlobalSection(ProjectConfigurationPlatforms) = postSolution
		{642B1454-483B-4FD5-8113-B36549B204B9}.Debug|Any CPU.ActiveCfg = Debug|Any CPU
		{642B1454-483B-4FD5-8113-B36549B204B9}.Debug|Any CPU.Build.0 = Debug|Any CPU
		{642B1454-483B-4FD5-8113-B36549B204B9}.Release|Any CPU.ActiveCfg = Release|Any CPU
		{642B1454-483B-4FD5-8113-B36549B204B9}.Release|Any CPU.Build.0 = Release|Any CPU
	EndGlobalSection
	GlobalSection(SolutionProperties) = preSolution
		HideSolutionNode = FALSE
	EndGlobalSection
	GlobalSection(ExtensibilityGlobals) = postSolution
		SolutionGuid = {1212FFFB-D92E-4C04-A47C-2C72E926D184}
	EndGlobalSection
EndGlobal
